PATH
  remote: ../..
  specs:
    active_version (1.3.0)
      activesupport (>= 6.0.0)

GEM
  remote: https://rubygems.org/
  specs:
    action_text-trix (2.1.16)
      railties
    actioncable (8.1.1)
      actionpack (= 8.1.1)
      activesupport (= 8.1.1)
      nio4r (~> 2.0)
      websocket-driver (>= 0.6.1)
      zeitwerk (~> 2.6)
    actionmailbox (8.1.1)
      actionpack (= 8.1.1)
      activejob (= 8.1.1)
      activerecord (= 8.1.1)
      activestorage (= 8.1.1)
      activesupport (= 8.1.1)
      mail (>= 2.8.0)
    actionmailer (8.1.1)
      actionpack (= 8.1.1)
      actionview (= 8.1.1)
      activejob (= 8.1.1)
      activesupport (= 8.1.1)
      mail (>= 2.8.0)
      rails-dom-testing (~> 2.2)
    actionpack (8.1.1)
      actionview (= 8.1.1)
      activesupport (= 8.1.1)
      nokogiri (>= 1.8.5)
      rack (>= 2.2.4)
      rack-session (>= 1.0.1)
      rack-test (>= 0.6.3)
      rails-dom-testing (~> 2.2)
      rails-html-sanitizer (~> 1.6)
      useragent (~> 0.16)
    actiontext (8.1.1)
      action_text-trix (~> 2.1.15)
      actionpack (= 8.1.1)
      activerecord (= 8.1.1)
      activestorage (= 8.1.1)
      activesupport (= 8.1.1)
      globalid (>= 0.6.0)
      nokogiri (>= 1.8.5)
    actionview (8.1.1)
      activesupport (= 8.1.1)
      builder (~> 3.1)
      erubi (~> 1.11)
      rails-dom-testing (~> 2.2)
      rails-html-sanitizer (~> 1.6)
    activeadmin (4.0.0.beta19)
      arbre (~> 2.0)
      csv
      formtastic (>= 5.0)
      formtastic_i18n (>= 0.7)
      inherited_resources (~> 2.0)
      kaminari (>= 1.2.1)
      railties (>= 7.0)
      ransack (>= 4.0)
    activejob (8.1.1)
      activesupport (= 8.1.1)
      globalid (>= 0.3.6)
    activemodel (8.1.1)
      activesupport (= 8.1.1)
    activerecord (8.1.1)
      activemodel (= 8.1.1)
      activesupport (= 8.1.1)
      timeout (>= 0.4.0)
    activestorage (8.1.1)
      actionpack (= 8.1.1)
      activejob (= 8.1.1)
      activerecord (= 8.1.1)
      activesupport (= 8.1.1)
      marcel (~> 1.0)
    activesupport (8.1.1)
      base64
      bigdecimal
      concurrent-ruby (~> 1.0, >= 1.3.1)
      connection_pool (>= 2.2.5)
      drb
      i18n (>= 1.6, < 2)
      json
      logger (>= 1.4.2)
      minitest (>= 5.1)
      securerandom (>= 0.3)
      tzinfo (~> 2.0, >= 2.0.5)
      uri (>= 0.13.1)
    addressable (2.8.8)
      public_suffix (>= 2.0.2, < 8.0)
    arbre (2.2.1)
      activesupport (>= 7.0)
    base64 (0.3.0)
    bcrypt (3.1.21)
    bigdecimal (4.0.1)
    bindex (0.8.1)
    bootsnap (1.23.0)
      msgpack (~> 1.2)
    builder (3.3.0)
    capybara (3.40.0)
      addressable
      matrix
      mini_mime (>= 0.1.3)
      nokogiri (~> 1.11)
      rack (>= 1.6.0)
      rack-test (>= 0.6.3)
      regexp_parser (>= 1.5, < 3.0)
      xpath (~> 3.2)
    capybara-playwright-driver (0.5.8)
      addressable
      capybara
      playwright-ruby-client (>= 1.16.0)
    coderay (1.1.3)
    concurrent-ruby (1.3.6)
    connection_pool (3.0.2)
    content_disposition (1.0.0)
    crack (1.0.1)
      bigdecimal
      rexml
    crass (1.0.6)
    csv (3.3.5)
    date (3.5.1)
    down (5.4.2)
      addressable (~> 2.8)
    drb (2.2.3)
    erb (6.0.1)
    erubi (1.13.1)
    formtastic (5.0.0)
      actionpack (>= 6.0.0)
    formtastic_i18n (0.7.0)
    globalid (1.3.0)
      activesupport (>= 6.1)
    has_scope (0.9.0)
      actionpack (>= 7.0)
      activesupport (>= 7.0)
    hashdiff (1.2.1)
    i18n (1.14.8)
      concurrent-ruby (~> 1.0)
    importmap-rails (2.2.3)
      actionpack (>= 6.0.0)
      activesupport (>= 6.0.0)
      railties (>= 6.0.0)
    inherited_resources (2.1.0)
      actionpack (>= 7.0)
      has_scope (>= 0.6)
      railties (>= 7.0)
      responders (>= 2)
    io-console (0.8.2)
    irb (1.16.0)
      pp (>= 0.6.0)
      rdoc (>= 4.0.0)
      reline (>= 0.4.2)
    json (2.18.1)
    kaminari (1.2.2)
      activesupport (>= 4.1.0)
      kaminari-actionview (= 1.2.2)
      kaminari-activerecord (= 1.2.2)
      kaminari-core (= 1.2.2)
    kaminari-actionview (1.2.2)
      actionview
      kaminari-core (= 1.2.2)
    kaminari-activerecord (1.2.2)
      activerecord
      kaminari-core (= 1.2.2)
    kaminari-core (1.2.2)
    logger (1.7.0)
    loofah (2.25.0)
      crass (~> 1.0.2)
      nokogiri (>= 1.12.0)
    mail (2.9.0)
      logger
      mini_mime (>= 0.1.1)
      net-imap
      net-pop
      net-smtp
    marcel (1.1.0)
    matrix (0.4.3)
    method_source (1.1.0)
    mime-types (3.7.0)
      logger
      mime-types-data (~> 3.2025, >= 3.2025.0507)
    mime-types-data (3.2026.0203)
    mini_mime (1.1.5)
    minitest (5.27.0)
    mocha (3.0.2)
      ruby2_keywords (>= 0.0.5)
    msgpack (1.8.0)
    net-imap (0.6.2)
      date
      net-protocol
    net-pop (0.1.2)
      net-protocol
    net-protocol (0.2.2)
      timeout
    net-smtp (0.5.1)
      net-protocol
    nio4r (2.7.5)
    nokogiri (1.19.1-arm64-darwin)
      racc (~> 1.4)
    nokogiri (1.19.1-x86_64-linux-gnu)
      racc (~> 1.4)
    phlex (2.4.0.beta1)
      refract (~> 1.0)
      zeitwerk (~> 2.7)
    playwright-ruby-client (1.58.1)
      base64
      concurrent-ruby (>= 1.1.6)
      mime-types (>= 3.0)
    polyrun (1.3.0)
    pp (0.6.3)
      prettyprint
    prettyprint (0.2.0)
    prism (1.9.0)
    propshaft (1.3.1)
      actionpack (>= 7.0.0)
      activesupport (>= 7.0.0)
      rack
    pry (0.16.0)
      coderay (~> 1.1)
      method_source (~> 1.0)
      reline (>= 0.6.0)
    pry-rails (0.3.11)
      pry (>= 0.13.0)
    psych (5.3.1)
      date
      stringio
    public_suffix (7.0.2)
    puma (7.1.0)
      nio4r (~> 2.0)
    racc (1.8.1)
    rack (3.2.5)
    rack-session (2.1.1)
      base64 (>= 0.1.0)
      rack (>= 3.0.0)
    rack-test (2.2.0)
      rack (>= 1.3)
    rackup (2.3.1)
      rack (>= 3)
    rails (8.1.1)
      actioncable (= 8.1.1)
      actionmailbox (= 8.1.1)
      actionmailer (= 8.1.1)
      actionpack (= 8.1.1)
      actiontext (= 8.1.1)
      actionview (= 8.1.1)
      activejob (= 8.1.1)
      activemodel (= 8.1.1)
      activerecord (= 8.1.1)
      activestorage (= 8.1.1)
      activesupport (= 8.1.1)
      bundler (>= 1.15.0)
      railties (= 8.1.1)
    rails-dom-testing (2.3.0)
      activesupport (>= 5.0.0)
      minitest
      nokogiri (>= 1.6)
    rails-html-sanitizer (1.6.2)
      loofah (~> 2.21)
      nokogiri (>= 1.15.7, != 1.16.7, != 1.16.6, != 1.16.5, != 1.16.4, != 1.16.3, != 1.16.2, != 1.16.1, != 1.16.0.rc1, != 1.16.0)
    railties (8.1.1)
      actionpack (= 8.1.1)
      activesupport (= 8.1.1)
      irb (~> 1.13)
      rackup (>= 1.0.0)
      rake (>= 12.2)
      thor (~> 1.0, >= 1.2.2)
      tsort (>= 0.2)
      zeitwerk (~> 2.6)
    rake (13.3.1)
    ransack (4.4.1)
      activerecord (>= 7.2)
      activesupport (>= 7.2)
      i18n
    rdoc (7.1.0)
      erb
      psych (>= 4.0.0)
      tsort
    refract (1.1.0)
      prism
      zeitwerk
    regexp_parser (2.11.3)
    reline (0.6.3)
      io-console (~> 0.5)
    responders (3.2.0)
      actionpack (>= 7.0)
      railties (>= 7.0)
    rexml (3.4.4)
    ruby2_keywords (0.0.5)
    securerandom (0.4.1)
    shrine (3.6.0)
      content_disposition (~> 1.0)
      down (~> 5.1)
    sqlite3 (2.9.0-arm64-darwin)
    sqlite3 (2.9.0-x86_64-linux-gnu)
    stringio (3.2.0)
    style_capsule (1.4.0)
    test-prof (1.5.2)
    thor (1.5.0)
    timeout (0.6.0)
    tsort (0.2.0)
    tzinfo (2.0.6)
      concurrent-ruby (~> 1.0)
    uri (1.1.1)
    useragent (0.16.11)
    web-console (4.2.1)
      actionview (>= 6.0.0)
      activemodel (>= 6.0.0)
      bindex (>= 0.4.0)
      railties (>= 6.0.0)
    webmock (3.26.1)
      addressable (>= 2.8.0)
      crack (>= 0.3.2)
      hashdiff (>= 0.4.0, < 2.0.0)
    websocket-driver (0.8.0)
      base64
      websocket-extensions (>= 0.1.0)
    websocket-extensions (0.1.5)
    xpath (3.2.0)
      nokogiri (~> 1.8)
    zeitwerk (2.7.5)

PLATFORMS
  arm64-darwin
  x86_64-linux

DEPENDENCIES
  active_version!
  activeadmin (= 4.0.0.beta19)
  bcrypt
  bootsnap
  capybara
  capybara-playwright-driver
  importmap-rails
  minitest (~> 5.0)
  mocha
  phlex
  polyrun (~> 1.3.0)
  propshaft
  pry-rails
  puma
  rails (~> 8)
  shrine (~> 3.5)
  sqlite3
  style_capsule
  test-prof
  web-console
  webmock

CHECKSUMS
  action_text-trix (2.1.16) sha256=f645a2c21821b8449fd1d6770708f4031c91a2eedf9ef476e9be93c64e703a8a
  actioncable (8.1.1) sha256=7262307e9693f09b299e281590110ce4b6ba7e4e4cee6da4b9d987eaf56f9139
  actionmailbox (8.1.1) sha256=aa99703a9b2fa32c5a4a93bb21fef79e2935d8db4d1fd5ef0772847be5d43205
  actionmailer (8.1.1) sha256=45755d7d4561363490ae82b17a5919bdef4dfe3bb400831819947c3a1d82afdf
  actionpack (8.1.1) sha256=192e27c39a63c7d801ac7b6d50505f265e389516985eed9b2ee364896a6a06d7
  actiontext (8.1.1) sha256=fd8d8da1e6bc0b04ff72fccfd127e78431238a99a82e736c7b52727c576a7640
  actionview (8.1.1) sha256=ca480c8b099dea0862b0934f24182b84c2d29092e7dbf464fb3e6d4eb9b468dc
  active_version (1.3.0)
  activeadmin (4.0.0.beta19) sha256=b0a01eeb217b51d72e68929beb6a654ef98dda38c6ddfa1b956f8b13e15f3164
  activejob (8.1.1) sha256=94f438a9f3b5a6b130fef53d8313f869dbd379309e7d639891bda36b12509383
  activemodel (8.1.1) sha256=8b7e2496b9e333ced06248c16a43217b950192c98e0fe3aa117eee21501c6fbd
  activerecord (8.1.1) sha256=e32c3a03e364fd803498eb4150c21bedc995aa83bc27122a94d480ab1dcb3d17
  activestorage (8.1.1) sha256=bc01d8b4c55e309a0a2e218bfe502c382c9f232e28b1f4b0adc9d8719d2bf28d
  activesupport (8.1.1) sha256=5e92534e8d0c8b8b5e6b16789c69dbea65c1d7b752269f71a39422e9546cea67
  addressable (2.8.8) sha256=7c13b8f9536cf6364c03b9d417c19986019e28f7c00ac8132da4eb0fe393b057
  arbre (2.2.1) sha256=3048ba04c063e603fa9a47cd8ea8fe5ce79a0dbd7306840816ab37bb496c79d6
  base64 (0.3.0) sha256=27337aeabad6ffae05c265c450490628ef3ebd4b67be58257393227588f5a97b
  bcrypt (3.1.21) sha256=5964613d750a42c7ee5dc61f7b9336fb6caca429ba4ac9f2011609946e4a2dcf
  bigdecimal (4.0.1) sha256=8b07d3d065a9f921c80ceaea7c9d4ae596697295b584c296fe599dd0ad01c4a7
  bindex (0.8.1) sha256=7b1ecc9dc539ed8bccfc8cb4d2732046227b09d6f37582ff12e50a5047ceb17e
  bootsnap (1.23.0) sha256=c1254f458d58558b58be0f8eb8f6eec2821456785b7cdd1e16248e2020d3f214
  builder (3.3.0) sha256=497918d2f9dca528fdca4b88d84e4ef4387256d984b8154e9d5d3fe5a9c8835f
  capybara (3.40.0) sha256=42dba720578ea1ca65fd7a41d163dd368502c191804558f6e0f71b391054aeef
  capybara-playwright-driver (0.5.8) sha256=120145bc66afa0ef873c20a02c290d2776d386f35e4dda796decd7631185c6ca
  coderay (1.1.3) sha256=dc530018a4684512f8f38143cd2a096c9f02a1fc2459edcfe534787a7fc77d4b
  concurrent-ruby (1.3.6) sha256=6b56837e1e7e5292f9864f34b69c5a2cbc75c0cf5338f1ce9903d10fa762d5ab
  connection_pool (3.0.2) sha256=33fff5ba71a12d2aa26cb72b1db8bba2a1a01823559fb01d29eb74c286e62e0a
  content_disposition (1.0.0) sha256=aa153da9c1543a45413a3f5f281d8dd50384bb0fba864fe1bd42ba80d88da516
  crack (1.0.1) sha256=ff4a10390cd31d66440b7524eb1841874db86201d5b70032028553130b6d4c7e
  crass (1.0.6) sha256=dc516022a56e7b3b156099abc81b6d2b08ea1ed12676ac7a5657617f012bd45d
  csv (3.3.5) sha256=6e5134ac3383ef728b7f02725d9872934f523cb40b961479f69cf3afa6c8e73f
  date (3.5.1) sha256=750d06384d7b9c15d562c76291407d89e368dda4d4fff957eb94962d325a0dc0
  down (5.4.2) sha256=516e5e01e7a96214a7e2cd155aac6f700593038ae6c857c0f4a05413b1c58acf
  drb (2.2.3) sha256=0b00d6fdb50995fe4a45dea13663493c841112e4068656854646f418fda13373
  erb (6.0.1) sha256=28ecdd99c5472aebd5674d6061e3c6b0a45c049578b071e5a52c2a7f13c197e5
  erubi (1.13.1) sha256=a082103b0885dbc5ecf1172fede897f9ebdb745a4b97a5e8dc63953db1ee4ad9
  formtastic (5.0.0) sha256=71cc99c8227208f64da8d2b0926d97cef1e5f77e0105047cd57fddeccd3a6416
  formtastic_i18n (0.7.0) sha256=ecef51c9e9030c00f19e69d2483b77f4515c9587d74268b76cf4b6e7988c8e78
  globalid (1.3.0) sha256=05c639ad6eb4594522a0b07983022f04aa7254626ab69445a0e493aa3786ff11
  has_scope (0.9.0) sha256=783a93006cf898525bb4899696f1d088c0f6ff897d6df2bf03fdbbe0d0b5124c
  hashdiff (1.2.1) sha256=9c079dbc513dfc8833ab59c0c2d8f230fa28499cc5efb4b8dd276cf931457cd1
  i18n (1.14.8) sha256=285778639134865c5e0f6269e0b818256017e8cde89993fdfcbfb64d088824a5
  importmap-rails (2.2.3) sha256=7101be2a4dc97cf1558fb8f573a718404c5f6bcfe94f304bf1f39e444feeb16a
  inherited_resources (2.1.0) sha256=74f3f1862790fc1066b4eeb354717ddee220f59421fee4cea4bb1c4b775f4603
  io-console (0.8.2) sha256=d6e3ae7a7cc7574f4b8893b4fca2162e57a825b223a177b7afa236c5ef9814cc
  irb (1.16.0) sha256=2abe56c9ac947cdcb2f150572904ba798c1e93c890c256f8429981a7675b0806
  json (2.18.1) sha256=fe112755501b8d0466b5ada6cf50c8c3f41e897fa128ac5d263ec09eedc9f986
  kaminari (1.2.2) sha256=c4076ff9adccc6109408333f87b5c4abbda5e39dc464bd4c66d06d9f73442a3e
  kaminari-actionview (1.2.2) sha256=1330f6fc8b59a4a4ef6a549ff8a224797289ebf7a3a503e8c1652535287cc909
  kaminari-activerecord (1.2.2) sha256=0dd3a67bab356a356f36b3b7236bcb81cef313095365befe8e98057dd2472430
  kaminari-core (1.2.2) sha256=3bd26fec7370645af40ca73b9426a448d09b8a8ba7afa9ba3c3e0d39cdbb83ff
  logger (1.7.0) sha256=196edec7cc44b66cfb40f9755ce11b392f21f7967696af15d274dde7edff0203
  loofah (2.25.0) sha256=df5ed7ac3bac6a4ec802df3877ee5cc86d027299f8952e6243b3dac446b060e6
  mail (2.9.0) sha256=6fa6673ecd71c60c2d996260f9ee3dd387d4673b8169b502134659ece6d34941
  marcel (1.1.0) sha256=fdcfcfa33cc52e93c4308d40e4090a5d4ea279e160a7f6af988260fa970e0bee
  matrix (0.4.3) sha256=a0d5ab7ddcc1973ff690ab361b67f359acbb16958d1dc072b8b956a286564c5b
  method_source (1.1.0) sha256=181301c9c45b731b4769bc81e8860e72f9161ad7d66dd99103c9ab84f560f5c5
  mime-types (3.7.0) sha256=dcebf61c246f08e15a4de34e386ebe8233791e868564a470c3fe77c00eed5e56
  mime-types-data (3.2026.0203) sha256=54353d693af028847391c28361c07d4b8b689cad78c3e1cc272fb1205c6d2a2f
  mini_mime (1.1.5) sha256=8681b7e2e4215f2a159f9400b5816d85e9d8c6c6b491e96a12797e798f8bccef
  minitest (5.27.0) sha256=2d3b17f8a36fe7801c1adcffdbc38233b938eb0b4966e97a6739055a45fa77d5
  mocha (3.0.2) sha256=3d8029531d8b71bff5ae07040758f77fdf578174189ffda1bef7749a59e92df8
  msgpack (1.8.0) sha256=e64ce0212000d016809f5048b48eb3a65ffb169db22238fb4b72472fecb2d732
  net-imap (0.6.2) sha256=08caacad486853c61676cca0c0c47df93db02abc4a8239a8b67eb0981428acc6
  net-pop (0.1.2) sha256=848b4e982013c15b2f0382792268763b748cce91c9e91e36b0f27ed26420dff3
  net-protocol (0.2.2) sha256=aa73e0cba6a125369de9837b8d8ef82a61849360eba0521900e2c3713aa162a8
  net-smtp (0.5.1) sha256=ed96a0af63c524fceb4b29b0d352195c30d82dd916a42f03c62a3a70e5b70736
  nio4r (2.7.5) sha256=6c90168e48fb5f8e768419c93abb94ba2b892a1d0602cb06eef16d8b7df1dca1
  nokogiri (1.19.1-arm64-darwin) sha256=dfe2d337e6700eac47290407c289d56bcf85805d128c1b5a6434ddb79731cb9e
  nokogiri (1.19.1-x86_64-linux-gnu) sha256=1a4902842a186b4f901078e692d12257678e6133858d0566152fe29cdb98456a
  phlex (2.4.0.beta1) sha256=890549501b48ac6a6d13f6dfd35cf7784420f7882fa7e51c6836604b6d24b310
  playwright-ruby-client (1.58.1) sha256=0678b227eb469c551858784441891577b402163e9b2d50bddce4a5a904e3a5ca
  polyrun (1.3.0) sha256=43e4d61b6f5076151fcd85e7fe9bcfbb7a815a48b73605f32821241d20957224
  pp (0.6.3) sha256=2951d514450b93ccfeb1df7d021cae0da16e0a7f95ee1e2273719669d0ab9df6
  prettyprint (0.2.0) sha256=2bc9e15581a94742064a3cc8b0fb9d45aae3d03a1baa6ef80922627a0766f193
  prism (1.9.0) sha256=7b530c6a9f92c24300014919c9dcbc055bf4cdf51ec30aed099b06cd6674ef85
  propshaft (1.3.1) sha256=9acc664ef67e819ffa3d95bd7ad4c3623ea799110c5f4dee67fa7e583e74c392
  pry (0.16.0) sha256=d76c69065698ed1f85e717bd33d7942c38a50868f6b0673c636192b3d1b6054e
  pry-rails (0.3.11) sha256=a69e28e24a34d75d1f60bcf241192a54253f8f7ef8a62cba1e75750a9653593d
  psych (5.3.1) sha256=eb7a57cef10c9d70173ff74e739d843ac3b2c019a003de48447b2963d81b1974
  public_suffix (7.0.2) sha256=9114090c8e4e7135c1fd0e7acfea33afaab38101884320c65aaa0ffb8e26a857
  puma (7.1.0) sha256=e45c10cb124f224d448c98db653a75499794edbecadc440ad616cf50f2fd49dd
  racc (1.8.1) sha256=4a7f6929691dbec8b5209a0b373bc2614882b55fc5d2e447a21aaa691303d62f
  rack (3.2.5) sha256=4cbd0974c0b79f7a139b4812004a62e4c60b145cba76422e288ee670601ed6d3
  rack-session (2.1.1) sha256=0b6dc07dea7e4b583f58a48e8b806d4c9f1c6c9214ebc202ec94562cbea2e4e9
  rack-test (2.2.0) sha256=005a36692c306ac0b4a9350355ee080fd09ddef1148a5f8b2ac636c720f5c463
  rackup (2.3.1) sha256=6c79c26753778e90983761d677a48937ee3192b3ffef6bc963c0950f94688868
  rails (8.1.1) sha256=877509b7aef309239978685883097d2c03e21383a50a3f78882cf9b3b5c136f7
  rails-dom-testing (2.3.0) sha256=8acc7953a7b911ca44588bf08737bc16719f431a1cc3091a292bca7317925c1d
  rails-html-sanitizer (1.6.2) sha256=35fce2ca8242da8775c83b6ba9c1bcaad6751d9eb73c1abaa8403475ab89a560
  railties (8.1.1) sha256=fb0c7038b147bea41bf6697fa443ff1c5c47d3bb1eedd9ecf1bceeb90efcb868
  rake (13.3.1) sha256=8c9e89d09f66a26a01264e7e3480ec0607f0c497a861ef16063604b1b08eb19c
  ransack (4.4.1) sha256=6aeaac36fc19088570e10da1044e6cfd88c740e20f871b84566fd30e32b7a63d
  rdoc (7.1.0) sha256=494899df0706c178596ca6e1d50f1b7eb285a9b2aae715be5abd742734f17363
  refract (1.1.0) sha256=ee3b9627e39f7692831101e2fedd73e0d09a592ff5d5c05f171d14211fc7a9c7
  regexp_parser (2.11.3) sha256=ca13f381a173b7a93450e53459075c9b76a10433caadcb2f1180f2c741fc55a4
  reline (0.6.3) sha256=1198b04973565b36ec0f11542ab3f5cfeeec34823f4e54cebde90968092b1835
  responders (3.2.0) sha256=89c2d6ac0ae16f6458a11524cae4a8efdceba1a3baea164d28ee9046bd3df55a
  rexml (3.4.4) sha256=19e0a2c3425dfbf2d4fc1189747bdb2f849b6c5e74180401b15734bc97b5d142
  ruby2_keywords (0.0.5) sha256=ffd13740c573b7301cf7a2e61fc857b2a8e3d3aff32545d6f8300d8bae10e3ef
  securerandom (0.4.1) sha256=cc5193d414a4341b6e225f0cb4446aceca8e50d5e1888743fac16987638ea0b1
  shrine (3.6.0) sha256=d361b7e5a452d65d900f3326ed99fe343d0d3b2ce17e012fc04ae85b0373358c
  sqlite3 (2.9.0-arm64-darwin) sha256=a917bd9b84285766ff3300b7d79cd583f5a067594c8c1263e6441618c04a6ed3
  sqlite3 (2.9.0-x86_64-linux-gnu) sha256=72fff9bd750070ba3af695511ba5f0e0a2d8a9206f84869640b3e99dfaf3d5a5
  stringio (3.2.0) sha256=c37cb2e58b4ffbd33fe5cd948c05934af997b36e0b6ca6fdf43afa234cf222e1
  style_capsule (1.4.0) sha256=24cc74c26a9df02faf37622f1edd8fc358f29d318ecf0d1ab1bbe3f65b1f5d0e
  test-prof (1.5.2) sha256=185839fb7d3745b3770ec48e3e5718eff9e28c327a50a1e18a3a9ef1060f8576
  thor (1.5.0) sha256=e3a9e55fe857e44859ce104a84675ab6e8cd59c650a49106a05f55f136425e73
  timeout (0.6.0) sha256=6d722ad619f96ee383a0c557ec6eb8c4ecb08af3af62098a0be5057bf00de1af
  tsort (0.2.0) sha256=9650a793f6859a43b6641671278f79cfead60ac714148aabe4e3f0060480089f
  tzinfo (2.0.6) sha256=8daf828cc77bcf7d63b0e3bdb6caa47e2272dcfaf4fbfe46f8c3a9df087a829b
  uri (1.1.1) sha256=379fa58d27ffb1387eaada68c749d1426738bd0f654d812fcc07e7568f5c57c6
  useragent (0.16.11) sha256=700e6413ad4bb954bb63547fa098dddf7b0ebe75b40cc6f93b8d54255b173844
  web-console (4.2.1) sha256=e7bcf37a10ea2b4ec4281649d1cee461b32232d0a447e82c786e6841fd22fe20
  webmock (3.26.1) sha256=4f696fb57c90a827c20aadb2d4f9058bbff10f7f043bd0d4c3f58791143b1cd7
  websocket-driver (0.8.0) sha256=ed0dba4b943c22f17f9a734817e808bc84cdce6a7e22045f5315aa57676d4962
  websocket-extensions (0.1.5) sha256=1c6ba63092cda343eb53fc657110c71c754c56484aad42578495227d717a8241
  xpath (3.2.0) sha256=6dfda79d91bb3b949b947ecc5919f042ef2f399b904013eb3ef6d20dd3a4082e
  zeitwerk (2.7.5) sha256=d8da92128c09ea6ec62c949011b00ed4a20242b255293dd66bf41545398f73dd

RUBY VERSION
  ruby 4.0.0

BUNDLED WITH
  4.0.6
